
Microsoft Visual Studio Solution File, Format Version 12.00
# Visual Studio 2012
Project("{FAE04EC0-301F-11D3-BF4B-00C04F79EFBC}") = "eMotive.Repository", "eMotive.Repository\eMotive.Repository.csproj", "{3E476FBE-3562-499E-982C-868BF23414EA}"
EndProject
Project("{FAE04EC0-301F-11D3-BF4B-00C04F79EFBC}") = "eMotive.Core.Tests", "eMotive.Core.Tests\eMotive.Core.Tests.csproj", "{22777DDD-23B5-4071-AE89-B4D59383C23A}"
EndProject
Global
	GlobalSection(SolutionConfigurationPlatforms) = preSolution
		Debug|Any CPU = Debug|Any CPU
		Release|Any CPU = Release|Any CPU
	EndGlobalSection
	GlobalSection(ProjectConfigurationPlatforms) = postSolution
		{3E476FBE-3562-499E-982C-868BF23414EA}.Debug|Any CPU.ActiveCfg = Debug|Any CPU
		{3E476FBE-3562-499E-982C-868BF23414EA}.Debug|Any CPU.Build.0 = Debug|Any CPU
		{3E476FBE-3562-499E-982C-868BF23414EA}.Release|Any CPU.ActiveCfg = Release|Any CPU
		{3E476FBE-3562-499E-982C-868BF23414EA}.Release|Any CPU.Build.0 = Release|Any CPU
		{22777DDD-23B5-4071-AE89-B4D59383C23A}.Debug|Any CPU.ActiveCfg = Debug|Any CPU
		{22777DDD-23B5-4071-AE89-B4D59383C23A}.Debug|Any CPU.Build.0 = Debug|Any CPU
		{22777DDD-23B5-4071-AE89-B4D59383C23A}.Release|Any CPU.ActiveCfg = Release|Any CPU
		{22777DDD-23B5-4071-AE89-B4D59383C23A}.Release|Any CPU.Build.0 = Release|Any CPU
	EndGlobalSection
	GlobalSection(SolutionProperties) = preSolution
		HideSolutionNode = FALSE
	EndGlobalSection
EndGlobal
